<?xml version="1.0" encoding="utf-8"?>
<Project ToolsVersion="4.0" xmlns="http://schemas.microsoft.com/developer/msbuild/2003">
  <ItemGroup>
    <Filter Include="Source Files">
      <UniqueIdentifier>{4FC737F1-C7A5-4376-A066-2A32D752A2FF}</UniqueIdentifier>
      <Extensions>cpp;c;cc;cxx;def;odl;idl;hpj;bat;asm;asmx</Extensions>
    </Filter>
    <Filter Include="Header Files">
      <UniqueIdentifier>{93995380-89BD-4b04-88EB-625FBE52EBFB}</UniqueIdentifier>
      <Extensions>h;hpp;hxx;hm;inl;inc;xsd</Extensions>
    </Filter>
    <Filter Include="Resource Files">
      <UniqueIdentifier>{67DA6AB6-F800-4c08-8B7A-83BB121AAD01}</UniqueIdentifier>
      <Extensions>rc;ico;cur;bmp;dlg;rc2;rct;bin;rgs;gif;jpg;jpeg;jpe;resx;tiff;tif;png;wav;mfcribbon-ms</Extensions>
    </Filter>
    <Filter Include="Shader Files">
      <UniqueIdentifier>{6d259189-b004-4e2f-8169-8c6d12ca97c2}</UniqueIdentifier>
    </Filter>
  </ItemGroup>
  <ItemGroup>
    <ClInclude Include="stdafx.h">
      <Filter>Header Files</Filter>
    </ClInclude>
    <ClInclude Include="targetver.h">
      <Filter>Header Files</Filter>
    </ClInclude>
    <ClInclude Include="rendering_service.h">
      <Filter>Header Files</Filter>
    </ClInclude>
    <ClInclude Include="rendering_thread.h">
      <Filter>Header Files</Filter>
    </ClInclude>
    <ClInclude Include="shader_manager.h">
      <Filter>Header Files</Filter>
    </ClInclude>
    <ClInclude Include="texture.h">
      <Filter>Header Files</Filter>
    </ClInclude>
    <ClInclude Include="texture_manager.h">
      <Filter>Header Files</Filter>
    </ClInclude>
    <ClInclude Include="vertex_buffer.h">
      <Filter>Header Files</Filter>
    </ClInclude>
    <ClInclude Include="file_util.h">
      <Filter>Header Files</Filter>
    </ClInclude>
    <ClInclude Include="pngloader.h">
      <Filter>Header Files</Filter>
    </ClInclude>
    <ClInclude Include="shadowmap.h">
      <Filter>Header Files</Filter>
    </ClInclude>
    <ClInclude Include="rendering_thread_module.h">
      <Filter>Header Files</Filter>
    </ClInclude>
    <ClInclude Include="vertex.h">
      <Filter>Header Files</Filter>
    </ClInclude>
    <ClInclude Include="balloon.h">
      <Filter>Header Files</Filter>
    </ClInclude>
    <ClInclude Include="dds.h">
      <Filter>Header Files</Filter>
    </ClInclude>
    <ClInclude Include="font.h">
      <Filter>Header Files</Filter>
    </ClInclude>
    <ClInclude Include="simplestaticobject.h">
      <Filter>Header Files</Filter>
    </ClInclude>
    <ClInclude Include="objloader.h">
      <Filter>Header Files</Filter>
    </ClInclude>
    <ClInclude Include="defaultshaderprogram.h">
      <Filter>Header Files</Filter>
    </ClInclude>
    <ClInclude Include="rocketshaderprogram.h">
      <Filter>Header Files</Filter>
    </ClInclude>
    <ClInclude Include="fbxloader.h">
      <Filter>Header Files</Filter>
    </ClInclude>
    <ClInclude Include="robject.h">
      <Filter>Header Files</Filter>
    </ClInclude>
    <ClInclude Include="rtexture.h">
      <Filter>Header Files</Filter>
    </ClInclude>
    <ClInclude Include="rsimplemesh.h">
      <Filter>Header Files</Filter>
    </ClInclude>
    <ClInclude Include="rscenenode.h">
      <Filter>Header Files</Filter>
    </ClInclude>
    <ClInclude Include="rmeshdata.h">
      <Filter>Header Files</Filter>
    </ClInclude>
    <ClInclude Include="rsceneroot.h">
      <Filter>Header Files</Filter>
    </ClInclude>
    <ClInclude Include="rtexturedata.h">
      <Filter>Header Files</Filter>
    </ClInclude>
    <ClInclude Include="rshaderdata.h">
      <Filter>Header Files</Filter>
    </ClInclude>
    <ClInclude Include="rmaterialdata.h">
      <Filter>Header Files</Filter>
    </ClInclude>
    <ClInclude Include="rpublicinterface.h">
      <Filter>Header Files</Filter>
    </ClInclude>
    <ClInclude Include="rpublictypes.h">
      <Filter>Header Files</Filter>
    </ClInclude>
  </ItemGroup>
  <ItemGroup>
    <ClCompile Include="stdafx.cpp">
      <Filter>Source Files</Filter>
    </ClCompile>
    <ClCompile Include="rendering_service.cpp">
      <Filter>Source Files</Filter>
    </ClCompile>
    <ClCompile Include="dllmain.cpp">
      <Filter>Source Files</Filter>
    </ClCompile>
    <ClCompile Include="rendering_thread.cpp">
      <Filter>Source Files</Filter>
    </ClCompile>
    <ClCompile Include="shader_manager.cpp">
      <Filter>Source Files</Filter>
    </ClCompile>
    <ClCompile Include="texture.cpp">
      <Filter>Source Files</Filter>
    </ClCompile>
    <ClCompile Include="texture_manager.cpp">
      <Filter>Source Files</Filter>
    </ClCompile>
    <ClCompile Include="vertex_buffer.cpp">
      <Filter>Source Files</Filter>
    </ClCompile>
    <ClCompile Include="file_util.cpp">
      <Filter>Source Files</Filter>
    </ClCompile>
    <ClCompile Include="pngloader.cpp">
      <Filter>Source Files</Filter>
    </ClCompile>
    <ClCompile Include="framebuffer.cpp">
      <Filter>Source Files</Filter>
    </ClCompile>
    <ClCompile Include="shadowmap.cpp">
      <Filter>Source Files</Filter>
    </ClCompile>
    <ClCompile Include="rendering_thread_module.cpp">
      <Filter>Source Files</Filter>
    </ClCompile>
    <ClCompile Include="vertex.cpp">
      <Filter>Source Files</Filter>
    </ClCompile>
    <ClCompile Include="balloon.cpp">
      <Filter>Source Files</Filter>
    </ClCompile>
    <ClCompile Include="dds.cpp">
      <Filter>Source Files</Filter>
    </ClCompile>
    <ClCompile Include="font.cpp">
      <Filter>Source Files</Filter>
    </ClCompile>
    <ClCompile Include="simplestaticobject.cpp">
      <Filter>Source Files</Filter>
    </ClCompile>
    <ClCompile Include="objloader.cpp">
      <Filter>Source Files</Filter>
    </ClCompile>
    <ClCompile Include="defaultshaderprogram.cpp">
      <Filter>Source Files</Filter>
    </ClCompile>
    <ClCompile Include="rocketshaderprogram.cpp">
      <Filter>Source Files</Filter>
    </ClCompile>
    <ClCompile Include="fbxloader.cpp">
      <Filter>Source Files</Filter>
    </ClCompile>
  </ItemGroup>
  <ItemGroup>
    <None Include="..\resources\shaders\default.frag">
      <Filter>Shader Files</Filter>
    </None>
    <None Include="..\resources\shaders\default.vert">
      <Filter>Shader Files</Filter>
    </None>
    <None Include="..\resources\shaders\postproc.v.frag">
      <Filter>Shader Files</Filter>
    </None>
    <None Include="..\resources\shaders\postproc.v.vert">
      <Filter>Shader Files</Filter>
    </None>
    <None Include="..\resources\shaders\sdl-default.frag">
      <Filter>Shader Files</Filter>
    </None>
    <None Include="..\resources\shaders\sdl-default.vert">
      <Filter>Shader Files</Filter>
    </None>
    <None Include="mmoglfunc.inl">
      <Filter>Header Files</Filter>
    </None>
    <None Include="..\resources\shaders\rocketlayer.frag">
      <Filter>Shader Files</Filter>
    </None>
    <None Include="..\resources\shaders\rocketlayer.vert">
      <Filter>Shader Files</Filter>
    </None>
  </ItemGroup>
</Project>