<?xml version="1.0" encoding="utf-8"?>
<Project ToolsVersion="4.0" xmlns="http://schemas.microsoft.com/developer/msbuild/2003">
  <ItemGroup>
    <Filter Include="Source Files">
      <UniqueIdentifier>{4FC737F1-C7A5-4376-A066-2A32D752A2FF}</UniqueIdentifier>
      <Extensions>cpp;c;cc;cxx;def;odl;idl;hpj;bat;asm;asmx</Extensions>
    </Filter>
    <Filter Include="Header Files">
      <UniqueIdentifier>{93995380-89BD-4b04-88EB-625FBE52EBFB}</UniqueIdentifier>
      <Extensions>h;hpp;hxx;hm;inl;inc;xsd</Extensions>
    </Filter>
    <Filter Include="Resource Files">
      <UniqueIdentifier>{67DA6AB6-F800-4c08-8B7A-83BB121AAD01}</UniqueIdentifier>
      <Extensions>rc;ico;cur;bmp;dlg;rc2;rct;bin;rgs;gif;jpg;jpeg;jpe;resx;tiff;tif;png;wav;mfcribbon-ms</Extensions>
    </Filter>
    <Filter Include="Data Definition">
      <UniqueIdentifier>{54a26b43-d544-4792-95c9-c398b4018e6c}</UniqueIdentifier>
    </Filter>
  </ItemGroup>
  <ItemGroup>
    <ClInclude Include="stdafx.h">
      <Filter>Header Files</Filter>
    </ClInclude>
    <ClInclude Include="targetver.h">
      <Filter>Header Files</Filter>
    </ClInclude>
    <ClInclude Include="clientlogic.h">
      <Filter>Header Files</Filter>
    </ClInclude>
    <ClInclude Include="resource.h">
      <Filter>Header Files</Filter>
    </ClInclude>
    <ClInclude Include="component.h">
      <Filter>Header Files</Filter>
    </ClInclude>
    <ClInclude Include="component_anim.h">
      <Filter>Header Files</Filter>
    </ClInclude>
    <ClInclude Include="component_name.h">
      <Filter>Header Files</Filter>
    </ClInclude>
    <ClInclude Include="component_owner.h">
      <Filter>Header Files</Filter>
    </ClInclude>
    <ClInclude Include="component_pos0.h">
      <Filter>Header Files</Filter>
    </ClInclude>
    <ClInclude Include="component_pos1.h">
      <Filter>Header Files</Filter>
    </ClInclude>
    <ClInclude Include="component_sid.h">
      <Filter>Header Files</Filter>
    </ClInclude>
    <ClInclude Include="component_sync.h">
      <Filter>Header Files</Filter>
    </ClInclude>
    <ClInclude Include="entity.h">
      <Filter>Header Files</Filter>
    </ClInclude>
    <ClInclude Include="entity_manager.h">
      <Filter>Header Files</Filter>
    </ClInclude>
    <ClInclude Include="animationmanager.h">
      <Filter>Header Files</Filter>
    </ClInclude>
    <ClInclude Include="component_garbage.h">
      <Filter>Header Files</Filter>
    </ClInclude>
    <ClInclude Include="clientpch.h">
      <Filter>Header Files</Filter>
    </ClInclude>
    <ClInclude Include="component_entity_template.h">
      <Filter>Header Files</Filter>
    </ClInclude>
    <ClInclude Include="ClContext.h">
      <Filter>Header Files</Filter>
    </ClInclude>
    <ClInclude Include="..\include\utf8.h">
      <Filter>Header Files</Filter>
    </ClInclude>
    <ClInclude Include="event.h">
      <Filter>Header Files</Filter>
    </ClInclude>
    <ClInclude Include="component_hp.h">
      <Filter>Header Files</Filter>
    </ClInclude>
    <ClInclude Include="component_seqanim.h">
      <Filter>Header Files</Filter>
    </ClInclude>
    <ClInclude Include="clientlogic_private.h">
      <Filter>Header Files</Filter>
    </ClInclude>
    <ClInclude Include="ClientPathFinder.h">
      <Filter>Header Files</Filter>
    </ClInclude>
    <ClInclude Include="tilemap.h">
      <Filter>Header Files</Filter>
    </ClInclude>
    <ClInclude Include="logicworld.h">
      <Filter>Header Files</Filter>
    </ClInclude>
    <ClInclude Include="component_collision.h">
      <Filter>Header Files</Filter>
    </ClInclude>
  </ItemGroup>
  <ItemGroup>
    <ClCompile Include="stdafx.cpp">
      <Filter>Source Files</Filter>
    </ClCompile>
    <ClCompile Include="clientlogic.cpp">
      <Filter>Source Files</Filter>
    </ClCompile>
    <ClCompile Include="dllmain.cpp">
      <Filter>Source Files</Filter>
    </ClCompile>
    <ClCompile Include="component.cpp">
      <Filter>Source Files</Filter>
    </ClCompile>
    <ClCompile Include="component_anim.cpp">
      <Filter>Source Files</Filter>
    </ClCompile>
    <ClCompile Include="component_sync.cpp">
      <Filter>Source Files</Filter>
    </ClCompile>
    <ClCompile Include="entity.cpp">
      <Filter>Source Files</Filter>
    </ClCompile>
    <ClCompile Include="entity_manager.cpp">
      <Filter>Source Files</Filter>
    </ClCompile>
    <ClCompile Include="animationmanager.cpp">
      <Filter>Source Files</Filter>
    </ClCompile>
    <ClCompile Include="client_msg_session.cpp">
      <Filter>Source Files</Filter>
    </ClCompile>
    <ClCompile Include="client_msg_handler.cpp">
      <Filter>Source Files</Filter>
    </ClCompile>
    <ClCompile Include="data_center_client.cpp">
      <Filter>Source Files</Filter>
    </ClCompile>
    <ClCompile Include="clientlogic_logger.cpp">
      <Filter>Source Files</Filter>
    </ClCompile>
    <ClCompile Include="event.cpp">
      <Filter>Source Files</Filter>
    </ClCompile>
    <ClCompile Include="spawn.cpp">
      <Filter>Source Files</Filter>
    </ClCompile>
    <ClCompile Include="tilemap.cpp">
      <Filter>Source Files</Filter>
    </ClCompile>
    <ClCompile Include="ClientPathFinder.cpp">
      <Filter>Source Files</Filter>
    </ClCompile>
    <ClCompile Include="logicworld.cpp">
      <Filter>Source Files</Filter>
    </ClCompile>
    <ClCompile Include="component_collision.cpp">
      <Filter>Source Files</Filter>
    </ClCompile>
  </ItemGroup>
  <ItemGroup>
    <None Include="animation.inl">
      <Filter>Header Files</Filter>
    </None>
    <None Include="..\include\msggen\msg_session.ipp">
      <Filter>Source Files</Filter>
    </None>
  </ItemGroup>
  <ItemGroup>
    <Xml Include="..\resources\data\msg.xml">
      <Filter>Data Definition</Filter>
    </Xml>
    <Xml Include="..\resources\data\mmo-data.xml">
      <Filter>Data Definition</Filter>
    </Xml>
  </ItemGroup>
</Project>