<?xml version="1.0" encoding="utf-8"?>
<Project ToolsVersion="4.0" xmlns="http://schemas.microsoft.com/developer/msbuild/2003">
  <ItemGroup>
    <Filter Include="Source Files">
      <UniqueIdentifier>{4FC737F1-C7A5-4376-A066-2A32D752A2FF}</UniqueIdentifier>
      <Extensions>cpp;c;cc;cxx;def;odl;idl;hpj;bat;asm;asmx</Extensions>
    </Filter>
    <Filter Include="Header Files">
      <UniqueIdentifier>{93995380-89BD-4b04-88EB-625FBE52EBFB}</UniqueIdentifier>
      <Extensions>h;hpp;hxx;hm;inl;inc;xsd</Extensions>
    </Filter>
    <Filter Include="Resource Files">
      <UniqueIdentifier>{67DA6AB6-F800-4c08-8B7A-83BB121AAD01}</UniqueIdentifier>
      <Extensions>rc;ico;cur;bmp;dlg;rc2;rct;bin;rgs;gif;jpg;jpeg;jpe;resx;tiff;tif;png;wav;mfcribbon-ms</Extensions>
    </Filter>
  </ItemGroup>
  <ItemGroup>
    <ClInclude Include="stdafx.h">
      <Filter>Header Files</Filter>
    </ClInclude>
    <ClInclude Include="targetver.h">
      <Filter>Header Files</Filter>
    </ClInclude>
    <ClInclude Include="ShellRenderInterfaceOpenGL.h">
      <Filter>Header Files</Filter>
    </ClInclude>
    <ClInclude Include="ShellOpenGL.h">
      <Filter>Header Files</Filter>
    </ClInclude>
    <ClInclude Include="ShellSystemInterface.h">
      <Filter>Header Files</Filter>
    </ClInclude>
    <ClInclude Include="Shell.h">
      <Filter>Header Files</Filter>
    </ClInclude>
    <ClInclude Include="ShellFileInterface.h">
      <Filter>Header Files</Filter>
    </ClInclude>
    <ClInclude Include="Input.h">
      <Filter>Header Files</Filter>
    </ClInclude>
    <ClInclude Include="EventInstancer.h">
      <Filter>Header Files</Filter>
    </ClInclude>
    <ClInclude Include="Event.h">
      <Filter>Header Files</Filter>
    </ClInclude>
    <ClInclude Include="EventManager.h">
      <Filter>Header Files</Filter>
    </ClInclude>
    <ClInclude Include="EventHandler.h">
      <Filter>Header Files</Filter>
    </ClInclude>
    <ClInclude Include="EventHandlerBackground.h">
      <Filter>Header Files</Filter>
    </ClInclude>
    <ClInclude Include="serverlistdatasource.h">
      <Filter>Header Files</Filter>
    </ClInclude>
    <ClInclude Include="serverlisthandler.h">
      <Filter>Header Files</Filter>
    </ClInclude>
    <ClInclude Include="debugoverlayhandler.h">
      <Filter>Header Files</Filter>
    </ClInclude>
    <ClInclude Include="escmenuhandler.h">
      <Filter>Header Files</Filter>
    </ClInclude>
    <ClInclude Include="chathandler.h">
      <Filter>Header Files</Filter>
    </ClInclude>
  </ItemGroup>
  <ItemGroup>
    <ClCompile Include="stdafx.cpp">
      <Filter>Source Files</Filter>
    </ClCompile>
    <ClCompile Include="ShellRenderInterfaceOpenGL.cpp">
      <Filter>Source Files</Filter>
    </ClCompile>
    <ClCompile Include="ShellSystemInterface.cpp">
      <Filter>Source Files</Filter>
    </ClCompile>
    <ClCompile Include="Shell.cpp">
      <Filter>Source Files</Filter>
    </ClCompile>
    <ClCompile Include="ShellWin32.cpp">
      <Filter>Source Files</Filter>
    </ClCompile>
    <ClCompile Include="InputWin32.cpp">
      <Filter>Source Files</Filter>
    </ClCompile>
    <ClCompile Include="ShellFileInterface.cpp">
      <Filter>Source Files</Filter>
    </ClCompile>
    <ClCompile Include="Input.cpp">
      <Filter>Source Files</Filter>
    </ClCompile>
    <ClCompile Include="EventInstancer.cpp">
      <Filter>Source Files</Filter>
    </ClCompile>
    <ClCompile Include="Event.cpp">
      <Filter>Source Files</Filter>
    </ClCompile>
    <ClCompile Include="EventManager.cpp">
      <Filter>Source Files</Filter>
    </ClCompile>
    <ClCompile Include="EventHandler.cpp">
      <Filter>Source Files</Filter>
    </ClCompile>
    <ClCompile Include="EventHandlerBackground.cpp">
      <Filter>Source Files</Filter>
    </ClCompile>
    <ClCompile Include="serverlistdatasource.cpp">
      <Filter>Source Files</Filter>
    </ClCompile>
    <ClCompile Include="serverlisthandler.cpp">
      <Filter>Source Files</Filter>
    </ClCompile>
    <ClCompile Include="debugoverlayhandler.cpp">
      <Filter>Source Files</Filter>
    </ClCompile>
    <ClCompile Include="escmenuhandler.cpp">
      <Filter>Source Files</Filter>
    </ClCompile>
    <ClCompile Include="chathandler.cpp">
      <Filter>Source Files</Filter>
    </ClCompile>
  </ItemGroup>
</Project>