
Microsoft Visual Studio Solution File, Format Version 12.00
# Visual Studio 2012
Project("{2150E333-8FDC-42A3-9474-1A3956D46DE8}") = "Library", "Library", "{C9D452AD-8629-434A-ACCE-3CA1AC3926AC}"
EndProject
Project("{FAE04EC0-301F-11D3-BF4B-00C04F79EFBC}") = "Server.Core", "Server.Core\Server.Core.csproj", "{88BC33B9-4136-433F-A90B-85ED94A6AE66}"
EndProject
Project("{FAE04EC0-301F-11D3-BF4B-00C04F79EFBC}") = "Server.Message", "Server.Message\Server.Message.csproj", "{095B4A42-B5B2-4F97-8A23-9AC61F20C1A8}"
EndProject
Project("{FAE04EC0-301F-11D3-BF4B-00C04F79EFBC}") = "Server", "Server\Server.csproj", "{4B81B553-5FDA-4CCE-BA2C-E358884E3D03}"
EndProject
Project("{2150E333-8FDC-42A3-9474-1A3956D46DE8}") = "Tools", "Tools", "{6F7221AB-560B-4F68-9368-C2A91A5E452C}"
EndProject
Project("{FAE04EC0-301F-11D3-BF4B-00C04F79EFBC}") = "Server.TestClient", "Server.TestClient\Server.TestClient.csproj", "{3F5DB08E-C1F6-4DE4-A952-4A5F2938680B}"
EndProject
Project("{FAE04EC0-301F-11D3-BF4B-00C04F79EFBC}") = "Server.Attribute", "Server.Attribute\Server.Attribute.csproj", "{59CBA150-C5F8-4484-B5F2-292D49ADE08C}"
EndProject
Project("{2150E333-8FDC-42A3-9474-1A3956D46DE8}") = "Generated", "Generated", "{655F1652-ED38-4C9C-BC63-25758D300F10}"
EndProject
Project("{FAE04EC0-301F-11D3-BF4B-00C04F79EFBC}") = "Server.MapEditor", "Server.MapEditor\Server.MapEditor.csproj", "{ADD297B2-FA05-4209-93C3-D951BB0C587A}"
EndProject
Project("{FAE04EC0-301F-11D3-BF4B-00C04F79EFBC}") = "Server.CodeGenerator", "Server.CodeGenerator\Server.CodeGenerator.csproj", "{B82CEB0E-A783-40DA-9F2E-8AD67EB78346}"
EndProject
Project("{FAE04EC0-301F-11D3-BF4B-00C04F79EFBC}") = "Server.Data", "Server.Data\Server.Data.csproj", "{4B65FC96-EF01-40AF-B412-2DDCE37868AA}"
EndProject
Project("{2150E333-8FDC-42A3-9474-1A3956D46DE8}") = "Component", "Component", "{F87EBDE3-8B01-4834-B2A2-2DECB492AD82}"
EndProject
Project("{FAE04EC0-301F-11D3-BF4B-00C04F79EFBC}") = "Server.Extension", "Server.Extension\Server.Extension.csproj", "{9A7B7508-0413-4813-BB40-FA471FCFA7A9}"
EndProject
Project("{FAE04EC0-301F-11D3-BF4B-00C04F79EFBC}") = "Server.Pylon", "Server.Pylon\Server.Pylon.csproj", "{34F6C75B-7D84-4C60-A4FC-D6DD8B3065E3}"
EndProject
Global
	GlobalSection(SolutionConfigurationPlatforms) = preSolution
		Debug|Any CPU = Debug|Any CPU
		Release|Any CPU = Release|Any CPU
	EndGlobalSection
	GlobalSection(ProjectConfigurationPlatforms) = postSolution
		{88BC33B9-4136-433F-A90B-85ED94A6AE66}.Debug|Any CPU.ActiveCfg = Debug|Any CPU
		{88BC33B9-4136-433F-A90B-85ED94A6AE66}.Debug|Any CPU.Build.0 = Debug|Any CPU
		{88BC33B9-4136-433F-A90B-85ED94A6AE66}.Release|Any CPU.ActiveCfg = Release|Any CPU
		{88BC33B9-4136-433F-A90B-85ED94A6AE66}.Release|Any CPU.Build.0 = Release|Any CPU
		{095B4A42-B5B2-4F97-8A23-9AC61F20C1A8}.Debug|Any CPU.ActiveCfg = Debug|Any CPU
		{095B4A42-B5B2-4F97-8A23-9AC61F20C1A8}.Debug|Any CPU.Build.0 = Debug|Any CPU
		{095B4A42-B5B2-4F97-8A23-9AC61F20C1A8}.Release|Any CPU.ActiveCfg = Release|Any CPU
		{095B4A42-B5B2-4F97-8A23-9AC61F20C1A8}.Release|Any CPU.Build.0 = Release|Any CPU
		{4B81B553-5FDA-4CCE-BA2C-E358884E3D03}.Debug|Any CPU.ActiveCfg = Debug|Any CPU
		{4B81B553-5FDA-4CCE-BA2C-E358884E3D03}.Debug|Any CPU.Build.0 = Debug|Any CPU
		{4B81B553-5FDA-4CCE-BA2C-E358884E3D03}.Release|Any CPU.ActiveCfg = Release|Any CPU
		{4B81B553-5FDA-4CCE-BA2C-E358884E3D03}.Release|Any CPU.Build.0 = Release|Any CPU
		{3F5DB08E-C1F6-4DE4-A952-4A5F2938680B}.Debug|Any CPU.ActiveCfg = Debug|Any CPU
		{3F5DB08E-C1F6-4DE4-A952-4A5F2938680B}.Debug|Any CPU.Build.0 = Debug|Any CPU
		{3F5DB08E-C1F6-4DE4-A952-4A5F2938680B}.Release|Any CPU.ActiveCfg = Release|Any CPU
		{3F5DB08E-C1F6-4DE4-A952-4A5F2938680B}.Release|Any CPU.Build.0 = Release|Any CPU
		{59CBA150-C5F8-4484-B5F2-292D49ADE08C}.Debug|Any CPU.ActiveCfg = Debug|Any CPU
		{59CBA150-C5F8-4484-B5F2-292D49ADE08C}.Debug|Any CPU.Build.0 = Debug|Any CPU
		{59CBA150-C5F8-4484-B5F2-292D49ADE08C}.Release|Any CPU.ActiveCfg = Release|Any CPU
		{59CBA150-C5F8-4484-B5F2-292D49ADE08C}.Release|Any CPU.Build.0 = Release|Any CPU
		{ADD297B2-FA05-4209-93C3-D951BB0C587A}.Debug|Any CPU.ActiveCfg = Debug|Any CPU
		{ADD297B2-FA05-4209-93C3-D951BB0C587A}.Debug|Any CPU.Build.0 = Debug|Any CPU
		{ADD297B2-FA05-4209-93C3-D951BB0C587A}.Release|Any CPU.ActiveCfg = Release|Any CPU
		{ADD297B2-FA05-4209-93C3-D951BB0C587A}.Release|Any CPU.Build.0 = Release|Any CPU
		{B82CEB0E-A783-40DA-9F2E-8AD67EB78346}.Debug|Any CPU.ActiveCfg = Debug|Any CPU
		{B82CEB0E-A783-40DA-9F2E-8AD67EB78346}.Debug|Any CPU.Build.0 = Debug|Any CPU
		{B82CEB0E-A783-40DA-9F2E-8AD67EB78346}.Release|Any CPU.ActiveCfg = Release|Any CPU
		{B82CEB0E-A783-40DA-9F2E-8AD67EB78346}.Release|Any CPU.Build.0 = Release|Any CPU
		{4B65FC96-EF01-40AF-B412-2DDCE37868AA}.Debug|Any CPU.ActiveCfg = Debug|Any CPU
		{4B65FC96-EF01-40AF-B412-2DDCE37868AA}.Debug|Any CPU.Build.0 = Debug|Any CPU
		{4B65FC96-EF01-40AF-B412-2DDCE37868AA}.Release|Any CPU.ActiveCfg = Release|Any CPU
		{4B65FC96-EF01-40AF-B412-2DDCE37868AA}.Release|Any CPU.Build.0 = Release|Any CPU
		{9A7B7508-0413-4813-BB40-FA471FCFA7A9}.Debug|Any CPU.ActiveCfg = Debug|Any CPU
		{9A7B7508-0413-4813-BB40-FA471FCFA7A9}.Debug|Any CPU.Build.0 = Debug|Any CPU
		{9A7B7508-0413-4813-BB40-FA471FCFA7A9}.Release|Any CPU.ActiveCfg = Release|Any CPU
		{9A7B7508-0413-4813-BB40-FA471FCFA7A9}.Release|Any CPU.Build.0 = Release|Any CPU
		{34F6C75B-7D84-4C60-A4FC-D6DD8B3065E3}.Debug|Any CPU.ActiveCfg = Debug|Any CPU
		{34F6C75B-7D84-4C60-A4FC-D6DD8B3065E3}.Debug|Any CPU.Build.0 = Debug|Any CPU
		{34F6C75B-7D84-4C60-A4FC-D6DD8B3065E3}.Release|Any CPU.ActiveCfg = Release|Any CPU
		{34F6C75B-7D84-4C60-A4FC-D6DD8B3065E3}.Release|Any CPU.Build.0 = Release|Any CPU
	EndGlobalSection
	GlobalSection(SolutionProperties) = preSolution
		HideSolutionNode = FALSE
	EndGlobalSection
	GlobalSection(NestedProjects) = preSolution
		{88BC33B9-4136-433F-A90B-85ED94A6AE66} = {C9D452AD-8629-434A-ACCE-3CA1AC3926AC}
		{9A7B7508-0413-4813-BB40-FA471FCFA7A9} = {C9D452AD-8629-434A-ACCE-3CA1AC3926AC}
		{59CBA150-C5F8-4484-B5F2-292D49ADE08C} = {F87EBDE3-8B01-4834-B2A2-2DECB492AD82}
		{655F1652-ED38-4C9C-BC63-25758D300F10} = {F87EBDE3-8B01-4834-B2A2-2DECB492AD82}
		{3F5DB08E-C1F6-4DE4-A952-4A5F2938680B} = {6F7221AB-560B-4F68-9368-C2A91A5E452C}
		{ADD297B2-FA05-4209-93C3-D951BB0C587A} = {6F7221AB-560B-4F68-9368-C2A91A5E452C}
		{B82CEB0E-A783-40DA-9F2E-8AD67EB78346} = {6F7221AB-560B-4F68-9368-C2A91A5E452C}
		{34F6C75B-7D84-4C60-A4FC-D6DD8B3065E3} = {6F7221AB-560B-4F68-9368-C2A91A5E452C}
		{4B65FC96-EF01-40AF-B412-2DDCE37868AA} = {655F1652-ED38-4C9C-BC63-25758D300F10}
		{095B4A42-B5B2-4F97-8A23-9AC61F20C1A8} = {655F1652-ED38-4C9C-BC63-25758D300F10}
	EndGlobalSection
EndGlobal
