
Microsoft Visual Studio Solution File, Format Version 12.00
# Visual Studio 2012
Project("{FAE04EC0-301F-11D3-BF4B-00C04F79EFBC}") = "deploy", "deploy\deploy.csproj", "{C266941F-3E06-4A24-806B-339115CBD22E}"
EndProject
Global
	GlobalSection(SolutionConfigurationPlatforms) = preSolution
		Debug|Any CPU = Debug|Any CPU
		Release|Any CPU = Release|Any CPU
	EndGlobalSection
	GlobalSection(ProjectConfigurationPlatforms) = postSolution
		{C266941F-3E06-4A24-806B-339115CBD22E}.Debug|Any CPU.ActiveCfg = Debug|Any CPU
		{C266941F-3E06-4A24-806B-339115CBD22E}.Debug|Any CPU.Build.0 = Debug|Any CPU
		{C266941F-3E06-4A24-806B-339115CBD22E}.Release|Any CPU.ActiveCfg = Release|Any CPU
		{C266941F-3E06-4A24-806B-339115CBD22E}.Release|Any CPU.Build.0 = Release|Any CPU
	EndGlobalSection
	GlobalSection(SolutionProperties) = preSolution
		HideSolutionNode = FALSE
	EndGlobalSection
EndGlobal
